
Microsoft Visual Studio Solution File, Format Version 12.00
# Visual Studio Version 17
VisualStudioVersion = 17.0.31903.59
MinimumVisualStudioVersion = 10.0.40219.1
Project("{FAE04EC0-301F-11D3-BF4B-00C04F79EFBC}") = "ImageViewerControl", "ImageViewerControl\ImageViewerControl.csproj", "{DA2606D1-AA7F-4B00-AAEC-378213796B61}"
EndProject
Project("{FAE04EC0-301F-11D3-BF4B-00C04F79EFBC}") = "ImageViewerDemo", "ImageViewerDemo\ImageViewerDemo.csproj", "{F57BAA33-1488-4403-8AA5-D9CC52F411D4}"
EndProject
Project("{FAE04EC0-301F-11D3-BF4B-00C04F79EFBC}") = "ImageViewerControl.Tests", "ImageViewerControl.Tests\ImageViewerControl.Tests.csproj", "{7FC97F97-96D2-4B3E-8F79-6F6E7DB82E5D}"
EndProject
Project("{FAE04EC0-301F-11D3-BF4B-00C04F79EFBC}") = "ImageViewer.Core", "ImageViewer.Core\ImageViewer.Core.csproj", "{8569DA19-D898-47B9-A54F-1054CCE7CAC5}"
EndProject
Project("{FAE04EC0-301F-11D3-BF4B-00C04F79EFBC}") = "ImageViewer.Core.Tests", "ImageViewer.Core.Tests\ImageViewer.Core.Tests.csproj", "{EA60D841-5B8E-4B1B-A8E1-6E59BCCA7C3B}"
EndProject
Project("{2150E333-8FDC-42A3-9474-1A3956D46DE8}") = "third_party", "third_party", "{0DC175A4-010F-A5A8-72A9-B7A5E3C716E6}"
EndProject
Project("{2150E333-8FDC-42A3-9474-1A3956D46DE8}") = "JLVision", "JLVision", "{77B44CDB-7B46-5A88-EBFE-4711A9FB48CE}"
EndProject
Project("{FAE04EC0-301F-11D3-BF4B-00C04F79EFBC}") = "JLVisionLib", "third_party\JLVision\JLVisionLib.csproj", "{E95CA33B-7793-481A-A935-3152922871F6}"
EndProject
Global
	GlobalSection(SolutionConfigurationPlatforms) = preSolution
		Debug|Any CPU = Debug|Any CPU
		Debug|x64 = Debug|x64
		Debug|x86 = Debug|x86
		Release|Any CPU = Release|Any CPU
		Release|x64 = Release|x64
		Release|x86 = Release|x86
	EndGlobalSection
	GlobalSection(ProjectConfigurationPlatforms) = postSolution
		{DA2606D1-AA7F-4B00-AAEC-378213796B61}.Debug|Any CPU.ActiveCfg = Debug|Any CPU
		{DA2606D1-AA7F-4B00-AAEC-378213796B61}.Debug|Any CPU.Build.0 = Debug|Any CPU
		{DA2606D1-AA7F-4B00-AAEC-378213796B61}.Debug|x64.ActiveCfg = Debug|Any CPU
		{DA2606D1-AA7F-4B00-AAEC-378213796B61}.Debug|x64.Build.0 = Debug|Any CPU
		{DA2606D1-AA7F-4B00-AAEC-378213796B61}.Debug|x86.ActiveCfg = Debug|Any CPU
		{DA2606D1-AA7F-4B00-AAEC-378213796B61}.Debug|x86.Build.0 = Debug|Any CPU
		{DA2606D1-AA7F-4B00-AAEC-378213796B61}.Release|Any CPU.ActiveCfg = Release|Any CPU
		{DA2606D1-AA7F-4B00-AAEC-378213796B61}.Release|Any CPU.Build.0 = Release|Any CPU
		{DA2606D1-AA7F-4B00-AAEC-378213796B61}.Release|x64.ActiveCfg = Release|Any CPU
		{DA2606D1-AA7F-4B00-AAEC-378213796B61}.Release|x64.Build.0 = Release|Any CPU
		{DA2606D1-AA7F-4B00-AAEC-378213796B61}.Release|x86.ActiveCfg = Release|Any CPU
		{DA2606D1-AA7F-4B00-AAEC-378213796B61}.Release|x86.Build.0 = Release|Any CPU
		{F57BAA33-1488-4403-8AA5-D9CC52F411D4}.Debug|Any CPU.ActiveCfg = Debug|Any CPU
		{F57BAA33-1488-4403-8AA5-D9CC52F411D4}.Debug|Any CPU.Build.0 = Debug|Any CPU
		{F57BAA33-1488-4403-8AA5-D9CC52F411D4}.Debug|x64.ActiveCfg = Debug|Any CPU
		{F57BAA33-1488-4403-8AA5-D9CC52F411D4}.Debug|x64.Build.0 = Debug|Any CPU
		{F57BAA33-1488-4403-8AA5-D9CC52F411D4}.Debug|x86.ActiveCfg = Debug|Any CPU
		{F57BAA33-1488-4403-8AA5-D9CC52F411D4}.Debug|x86.Build.0 = Debug|Any CPU
		{F57BAA33-1488-4403-8AA5-D9CC52F411D4}.Release|Any CPU.ActiveCfg = Release|Any CPU
		{F57BAA33-1488-4403-8AA5-D9CC52F411D4}.Release|Any CPU.Build.0 = Release|Any CPU
		{F57BAA33-1488-4403-8AA5-D9CC52F411D4}.Release|x64.ActiveCfg = Release|Any CPU
		{F57BAA33-1488-4403-8AA5-D9CC52F411D4}.Release|x64.Build.0 = Release|Any CPU
		{F57BAA33-1488-4403-8AA5-D9CC52F411D4}.Release|x86.ActiveCfg = Release|Any CPU
		{F57BAA33-1488-4403-8AA5-D9CC52F411D4}.Release|x86.Build.0 = Release|Any CPU
		{7FC97F97-96D2-4B3E-8F79-6F6E7DB82E5D}.Debug|Any CPU.ActiveCfg = Debug|Any CPU
		{7FC97F97-96D2-4B3E-8F79-6F6E7DB82E5D}.Debug|Any CPU.Build.0 = Debug|Any CPU
		{7FC97F97-96D2-4B3E-8F79-6F6E7DB82E5D}.Debug|x64.ActiveCfg = Debug|Any CPU
		{7FC97F97-96D2-4B3E-8F79-6F6E7DB82E5D}.Debug|x64.Build.0 = Debug|Any CPU
		{7FC97F97-96D2-4B3E-8F79-6F6E7DB82E5D}.Debug|x86.ActiveCfg = Debug|Any CPU
		{7FC97F97-96D2-4B3E-8F79-6F6E7DB82E5D}.Debug|x86.Build.0 = Debug|Any CPU
		{7FC97F97-96D2-4B3E-8F79-6F6E7DB82E5D}.Release|Any CPU.ActiveCfg = Release|Any CPU
		{7FC97F97-96D2-4B3E-8F79-6F6E7DB82E5D}.Release|Any CPU.Build.0 = Release|Any CPU
		{7FC97F97-96D2-4B3E-8F79-6F6E7DB82E5D}.Release|x64.ActiveCfg = Release|Any CPU
		{7FC97F97-96D2-4B3E-8F79-6F6E7DB82E5D}.Release|x64.Build.0 = Release|Any CPU
		{7FC97F97-96D2-4B3E-8F79-6F6E7DB82E5D}.Release|x86.ActiveCfg = Release|Any CPU
		{7FC97F97-96D2-4B3E-8F79-6F6E7DB82E5D}.Release|x86.Build.0 = Release|Any CPU
		{8569DA19-D898-47B9-A54F-1054CCE7CAC5}.Debug|Any CPU.ActiveCfg = Debug|Any CPU
		{8569DA19-D898-47B9-A54F-1054CCE7CAC5}.Debug|Any CPU.Build.0 = Debug|Any CPU
		{8569DA19-D898-47B9-A54F-1054CCE7CAC5}.Debug|x64.ActiveCfg = Debug|Any CPU
		{8569DA19-D898-47B9-A54F-1054CCE7CAC5}.Debug|x64.Build.0 = Debug|Any CPU
		{8569DA19-D898-47B9-A54F-1054CCE7CAC5}.Debug|x86.ActiveCfg = Debug|Any CPU
		{8569DA19-D898-47B9-A54F-1054CCE7CAC5}.Debug|x86.Build.0 = Debug|Any CPU
		{8569DA19-D898-47B9-A54F-1054CCE7CAC5}.Release|Any CPU.ActiveCfg = Release|Any CPU
		{8569DA19-D898-47B9-A54F-1054CCE7CAC5}.Release|Any CPU.Build.0 = Release|Any CPU
		{8569DA19-D898-47B9-A54F-1054CCE7CAC5}.Release|x64.ActiveCfg = Release|Any CPU
		{8569DA19-D898-47B9-A54F-1054CCE7CAC5}.Release|x64.Build.0 = Release|Any CPU
		{8569DA19-D898-47B9-A54F-1054CCE7CAC5}.Release|x86.ActiveCfg = Release|Any CPU
		{8569DA19-D898-47B9-A54F-1054CCE7CAC5}.Release|x86.Build.0 = Release|Any CPU
		{EA60D841-5B8E-4B1B-A8E1-6E59BCCA7C3B}.Debug|Any CPU.ActiveCfg = Debug|Any CPU
		{EA60D841-5B8E-4B1B-A8E1-6E59BCCA7C3B}.Debug|Any CPU.Build.0 = Debug|Any CPU
		{EA60D841-5B8E-4B1B-A8E1-6E59BCCA7C3B}.Debug|x64.ActiveCfg = Debug|Any CPU
		{EA60D841-5B8E-4B1B-A8E1-6E59BCCA7C3B}.Debug|x64.Build.0 = Debug|Any CPU
		{EA60D841-5B8E-4B1B-A8E1-6E59BCCA7C3B}.Debug|x86.ActiveCfg = Debug|Any CPU
		{EA60D841-5B8E-4B1B-A8E1-6E59BCCA7C3B}.Debug|x86.Build.0 = Debug|Any CPU
		{EA60D841-5B8E-4B1B-A8E1-6E59BCCA7C3B}.Release|Any CPU.ActiveCfg = Release|Any CPU
		{EA60D841-5B8E-4B1B-A8E1-6E59BCCA7C3B}.Release|Any CPU.Build.0 = Release|Any CPU
		{EA60D841-5B8E-4B1B-A8E1-6E59BCCA7C3B}.Release|x64.ActiveCfg = Release|Any CPU
		{EA60D841-5B8E-4B1B-A8E1-6E59BCCA7C3B}.Release|x64.Build.0 = Release|Any CPU
		{EA60D841-5B8E-4B1B-A8E1-6E59BCCA7C3B}.Release|x86.ActiveCfg = Release|Any CPU
		{EA60D841-5B8E-4B1B-A8E1-6E59BCCA7C3B}.Release|x86.Build.0 = Release|Any CPU
		{E95CA33B-7793-481A-A935-3152922871F6}.Debug|Any CPU.ActiveCfg = Debug|Any CPU
		{E95CA33B-7793-481A-A935-3152922871F6}.Debug|Any CPU.Build.0 = Debug|Any CPU
		{E95CA33B-7793-481A-A935-3152922871F6}.Debug|x64.ActiveCfg = Debug|Any CPU
		{E95CA33B-7793-481A-A935-3152922871F6}.Debug|x64.Build.0 = Debug|Any CPU
		{E95CA33B-7793-481A-A935-3152922871F6}.Debug|x86.ActiveCfg = Debug|Any CPU
		{E95CA33B-7793-481A-A935-3152922871F6}.Debug|x86.Build.0 = Debug|Any CPU
		{E95CA33B-7793-481A-A935-3152922871F6}.Release|Any CPU.ActiveCfg = Release|Any CPU
		{E95CA33B-7793-481A-A935-3152922871F6}.Release|Any CPU.Build.0 = Release|Any CPU
		{E95CA33B-7793-481A-A935-3152922871F6}.Release|x64.ActiveCfg = Release|Any CPU
		{E95CA33B-7793-481A-A935-3152922871F6}.Release|x64.Build.0 = Release|Any CPU
		{E95CA33B-7793-481A-A935-3152922871F6}.Release|x86.ActiveCfg = Release|Any CPU
		{E95CA33B-7793-481A-A935-3152922871F6}.Release|x86.Build.0 = Release|Any CPU
	EndGlobalSection
	GlobalSection(SolutionProperties) = preSolution
		HideSolutionNode = FALSE
	EndGlobalSection
	GlobalSection(NestedProjects) = preSolution
		{77B44CDB-7B46-5A88-EBFE-4711A9FB48CE} = {0DC175A4-010F-A5A8-72A9-B7A5E3C716E6}
		{E95CA33B-7793-481A-A935-3152922871F6} = {77B44CDB-7B46-5A88-EBFE-4711A9FB48CE}
	EndGlobalSection
EndGlobal
